<Solution>
  <Configurations>
    <BuildType Name="Debug" />
    <BuildType Name="Debug_IL2CPP" />
    <BuildType Name="Release" />
    <BuildType Name="Release_IL2CPP" />
  </Configurations>
  <Project Path="Overlayer.Loader.ML\Overlayer.Loader.ML.csproj" />
  <Project Path="Overlayer/Overlayer.csproj" />
</Solution>
